
Microsoft Visual Studio Solution File, Format Version 12.00
# Visual Studio Version 17
VisualStudioVersion = 17.4.33213.308
MinimumVisualStudioVersion = 10.0.40219.1
Project("{FAE04EC0-301F-11D3-BF4B-00C04F79EFBC}") = "HealthNotebook.Api", "HealthNotebook.Api\HealthNotebook.Api.csproj", "{C1D57D6D-91BB-4630-A339-96D0285CA9D1}"
EndProject
Project("{FAE04EC0-301F-11D3-BF4B-00C04F79EFBC}") = "HealthNotebook.DataService", "HealthNotebook.DataService\HealthNotebook.DataService.csproj", "{B2B5C7AD-0323-4D03-91F5-72E4CA14D7FB}"
EndProject
Project("{FAE04EC0-301F-11D3-BF4B-00C04F79EFBC}") = "HealthNotebook.Entities", "HealthNotebook.Entities\HealthNotebook.Entities.csproj", "{6E37A520-CA3F-44A2-9DB7-5C82C2A8801B}"
EndProject
Global
	GlobalSection(SolutionConfigurationPlatforms) = preSolution
		Debug|Any CPU = Debug|Any CPU
		Release|Any CPU = Release|Any CPU
	EndGlobalSection
	GlobalSection(ProjectConfigurationPlatforms) = postSolution
		{C1D57D6D-91BB-4630-A339-96D0285CA9D1}.Debug|Any CPU.ActiveCfg = Debug|Any CPU
		{C1D57D6D-91BB-4630-A339-96D0285CA9D1}.Debug|Any CPU.Build.0 = Debug|Any CPU
		{C1D57D6D-91BB-4630-A339-96D0285CA9D1}.Release|Any CPU.ActiveCfg = Release|Any CPU
		{C1D57D6D-91BB-4630-A339-96D0285CA9D1}.Release|Any CPU.Build.0 = Release|Any CPU
		{B2B5C7AD-0323-4D03-91F5-72E4CA14D7FB}.Debug|Any CPU.ActiveCfg = Debug|Any CPU
		{B2B5C7AD-0323-4D03-91F5-72E4CA14D7FB}.Debug|Any CPU.Build.0 = Debug|Any CPU
		{B2B5C7AD-0323-4D03-91F5-72E4CA14D7FB}.Release|Any CPU.ActiveCfg = Release|Any CPU
		{B2B5C7AD-0323-4D03-91F5-72E4CA14D7FB}.Release|Any CPU.Build.0 = Release|Any CPU
		{6E37A520-CA3F-44A2-9DB7-5C82C2A8801B}.Debug|Any CPU.ActiveCfg = Debug|Any CPU
		{6E37A520-CA3F-44A2-9DB7-5C82C2A8801B}.Debug|Any CPU.Build.0 = Debug|Any CPU
		{6E37A520-CA3F-44A2-9DB7-5C82C2A8801B}.Release|Any CPU.ActiveCfg = Release|Any CPU
		{6E37A520-CA3F-44A2-9DB7-5C82C2A8801B}.Release|Any CPU.Build.0 = Release|Any CPU
	EndGlobalSection
	GlobalSection(SolutionProperties) = preSolution
		HideSolutionNode = FALSE
	EndGlobalSection
	GlobalSection(ExtensibilityGlobals) = postSolution
		SolutionGuid = {CB7007FD-6217-45F0-B479-ACCA5D27FCB3}
	EndGlobalSection
EndGlobal
